
Microsoft Visual Studio Solution File, Format Version 12.00
# Visual Studio Version 17
VisualStudioVersion = 17.4.33110.190
MinimumVisualStudioVersion = 10.0.40219.1
Project("{FAE04EC0-301F-11D3-BF4B-00C04F79EFBC}") = "ByteBank", "ByteBank.csproj", "{39AADE6A-2ADC-4CBC-85ED-955AD8F3B2F1}"
EndProject
Global
	GlobalSection(SolutionConfigurationPlatforms) = preSolution
		Debug|Any CPU = Debug|Any CPU
		Release|Any CPU = Release|Any CPU
	EndGlobalSection
	GlobalSection(ProjectConfigurationPlatforms) = postSolution
		{39AADE6A-2ADC-4CBC-85ED-955AD8F3B2F1}.Debug|Any CPU.ActiveCfg = Debug|Any CPU
		{39AADE6A-2ADC-4CBC-85ED-955AD8F3B2F1}.Debug|Any CPU.Build.0 = Debug|Any CPU
		{39AADE6A-2ADC-4CBC-85ED-955AD8F3B2F1}.Release|Any CPU.ActiveCfg = Release|Any CPU
		{39AADE6A-2ADC-4CBC-85ED-955AD8F3B2F1}.Release|Any CPU.Build.0 = Release|Any CPU
	EndGlobalSection
	GlobalSection(SolutionProperties) = preSolution
		HideSolutionNode = FALSE
	EndGlobalSection
	GlobalSection(ExtensibilityGlobals) = postSolution
		SolutionGuid = {A396138D-478A-43F7-BAC3-979104E5E39C}
	EndGlobalSection
EndGlobal
